# This file is generated by running "yarn install" inside your project.
# Manual changes might be lost - proceed with caution!

__metadata:
  version: 4

"acorn-jsx@npm:^3.0.0":
  version: 3.0.1
  resolution: "acorn-jsx@npm:3.0.1"
  dependencies:
    acorn: ^3.0.4
  checksum: 3/67589655fbc21f908a6d86634f92c3dbe6bf73b1396c017ac35b04b098016848a54fd5ad17f066f71f4deb389f8687936a7a40f661353b3530263dc08c99309f
  languageName: node
  linkType: hard

"acorn@npm:^3.0.4":
  version: 3.3.0
  resolution: "acorn@npm:3.3.0"
  bin:
    acorn: ./bin/acorn
  checksum: 3/822c857c26ab20c303fe3621bb6ed5a42351a143be34b69fb85e0736676b7ee578de7fc925b1d25f0034fd5b2eac80eaf340faf8f79768687c14eeab980f2d3f
  languageName: node
  linkType: hard

"acorn@npm:^5.5.0":
  version: 5.7.4
  resolution: "acorn@npm:5.7.4"
  bin:
    acorn: bin/acorn
  checksum: 3/1ca0f3e95b48b40ff3a6eb28e7e07a26f7aea762138ee8698eec6a6a241f3729506fbd55520c4f00de8fd2a2af7704be17c9f1c2c017a413a855f3e95929b6a1
  languageName: node
  linkType: hard

"ajv-keywords@npm:^1.0.0":
  version: 1.5.1
  resolution: "ajv-keywords@npm:1.5.1"
  peerDependencies:
    ajv: ">=4.10.0"
  checksum: 3/bc6aa3641a322fe35acfbab5b24b3a4586b78f7d42d69243ecc2b35082c8d41485a24c2503739f75a50759a9f566cce581f26686f8186559c0d8854a16691491
  languageName: node
  linkType: hard

"ajv@npm:^4.7.0":
  version: 4.11.8
  resolution: "ajv@npm:4.11.8"
  dependencies:
    co: ^4.6.0
    json-stable-stringify: ^1.0.1
  checksum: 3/7f18135443a3d3c73002afb18ca70f287e3bb1096034bfb1f756a0c052b0d39e9d980374f3f6b8e6a5c170d981cfc02e590937e6742b897bf4b5de179f129c84
  languageName: node
  linkType: hard

"ansi-escapes@npm:^1.1.0":
  version: 1.4.0
  resolution: "ansi-escapes@npm:1.4.0"
  checksum: 3/c0e83fa29b2776150b2acc04340a6028a98e8aa11485b2356e09b87d85961b74127a1187cd1a4946e05e17f758cda6e7ec7086945f4f1c3bec3dab9d6ab0d986
  languageName: node
  linkType: hard

"ansi-regex@npm:^2.0.0":
  version: 2.1.1
  resolution: "ansi-regex@npm:2.1.1"
  checksum: 3/93a53c923fd433f67cd3d5647dffa6790f37bbfb924cf73ad23e28a8e414bde142d1da260d9a2be52ac4aa382063196880b1d40cf8b547642c746ed538ebf6c4
  languageName: node
  linkType: hard

"ansi-regex@npm:^3.0.0":
  version: 3.0.0
  resolution: "ansi-regex@npm:3.0.0"
  checksum: 3/2e3c40d42904366e4a1a7b906ea3ae7968179a50916dfa0fd3e59fd12333c5d95970a9a59067ac3406d97c78784d591f0b841a4efd365dafb261327ae1ea3478
  languageName: node
  linkType: hard

"ansi-styles@npm:^2.2.1":
  version: 2.2.1
  resolution: "ansi-styles@npm:2.2.1"
  checksum: 3/108c7496372982f1ee53f3f09975de89cc771d2f7c89a32d56ab7a542f67b7de97391c9c16b43b39eb7ea176d3cfbb15975b6b355ae827f15f5a457b1b9dec31
  languageName: node
  linkType: hard

"argparse@npm:^1.0.7":
  version: 1.0.10
  resolution: "argparse@npm:1.0.10"
  dependencies:
    sprintf-js: ~1.0.2
  checksum: 3/435adaef5f6671c3ef1478a22be6fd54bdb99fdbbce8f5561b9cbbb05068ccce87b7df3b9f3322ff52a6ebb9cab2b427cbedac47a07611690a9beaa5184093e2
  languageName: node
  linkType: hard

"babel-code-frame@npm:^6.16.0":
  version: 6.26.0
  resolution: "babel-code-frame@npm:6.26.0"
  dependencies:
    chalk: ^1.1.3
    esutils: ^2.0.2
    js-tokens: ^3.0.2
  checksum: 3/cc2a799ccc341ad2db8aa90762b680bbca1e15893c3b28a328e974f46443110b8c56bad25554efe26f8955d19cfa2955b5f3068310ab8a818a9d7e875c90e8b4
  languageName: node
  linkType: hard

"balanced-match@npm:^1.0.0":
  version: 1.0.0
  resolution: "balanced-match@npm:1.0.0"
  checksum: 3/f515a605fe1b59f476f7477c5e1d53ad55b4f42982fca1d57b6701906f4ad1f1ac90fd6587d92cc1af2edb43eecf979214dd847ee410a6de9db4ebf0dd128d62
  languageName: node
  linkType: hard

"brace-expansion@npm:^1.1.7":
  version: 1.1.11
  resolution: "brace-expansion@npm:1.1.11"
  dependencies:
    balanced-match: ^1.0.0
    concat-map: 0.0.1
  checksum: 3/4c878e25e4858baf801945dfd63eb68feab2e502cf1122f25f3915c0e3bf397af3a93ff6bef0798db41c0d81ef28c08e55daac38058710f749a3b96eee6b8f40
  languageName: node
  linkType: hard

"browser-stdout@npm:1.3.0":
  version: 1.3.0
  resolution: "browser-stdout@npm:1.3.0"
  checksum: 3/8501b6fa861e463b30da1f86ad8b2b4a5d84e19ba473addfca2d2db3e8fb3f7756b457197773e620c3950744fb5fd7080e7d944d52db2d96859880f863e1ee66
  languageName: node
  linkType: hard

"buffer-from@npm:^1.0.0":
  version: 1.1.1
  resolution: "buffer-from@npm:1.1.1"
  checksum: 3/540ceb79c4f5bfcadaabbc18324fa84c50dc52905084be7c03596a339cf5a88513bee6831ce9b36ddd046fab09257a7c80686e129d0559a0cfd141da196ad956
  languageName: node
  linkType: hard

"caller-path@npm:^0.1.0":
  version: 0.1.0
  resolution: "caller-path@npm:0.1.0"
  dependencies:
    callsites: ^0.2.0
  checksum: 3/404c3005c4b131244bbd6652b9df7aa4824dae1f37cc924088bea6a7e183d34b9df0803c904021a6017163f2ede5f7248da884eb564a639ebd2e7e868bc6c76a
  languageName: node
  linkType: hard

"callsites@npm:^0.2.0":
  version: 0.2.0
  resolution: "callsites@npm:0.2.0"
  checksum: 3/715e67d590e424e39b2d4282ec3fc2b1a9813a76e0fcc5f268935c68486d2111afba08f2e8b33a5cb17745e75cb6fbeb739ab237fbe57d084a61d13c138d7131
  languageName: node
  linkType: hard

"chalk@npm:^1.0.0, chalk@npm:^1.1.1, chalk@npm:^1.1.3":
  version: 1.1.3
  resolution: "chalk@npm:1.1.3"
  dependencies:
    ansi-styles: ^2.2.1
    escape-string-regexp: ^1.0.2
    has-ansi: ^2.0.0
    strip-ansi: ^3.0.0
    supports-color: ^2.0.0
  checksum: 3/bc2df54f6da63d0918254aa2d79dd87f75442e35c751b07f5ca37e5886dd0963472e37ee8c5fa6da27710fdfa0e10779c72be4a6c860c67e96769ba63ee2901e
  languageName: node
  linkType: hard

"circular-json@npm:^0.3.1":
  version: 0.3.3
  resolution: "circular-json@npm:0.3.3"
  checksum: 3/30598b91974a257768f69073a123264f299623e2a0c4dee19f7dbdea4cb2918d3a08ae9a56cb918b60a4d32d636f44fe56c0f49baec8f014231843082e2781db
  languageName: node
  linkType: hard

"cli-cursor@npm:^1.0.1":
  version: 1.0.2
  resolution: "cli-cursor@npm:1.0.2"
  dependencies:
    restore-cursor: ^1.0.1
  checksum: 3/72cd1457558c76665a26b37e539f01f59266274a90ff101719231ce3ebed9d10eb5426942bc2b4b477203e6b3829f88970532347ad168928a99314de90c0d8de
  languageName: node
  linkType: hard

"cli-width@npm:^2.0.0":
  version: 2.2.1
  resolution: "cli-width@npm:2.2.1"
  checksum: 3/f7c830bddca78d8b2706c213d6ffa4e751988b7f70ec3e871c97a87e12a9e17e9f9652f13a5bfcea0e2e8dbae1da4b0939d59cf2bf8c36979541c624043d6315
  languageName: node
  linkType: hard

"co@npm:^4.6.0":
  version: 4.6.0
  resolution: "co@npm:4.6.0"
  checksum: 3/3f22dbbe0f413ff72831d087d853a81d1137093e12e8ec90b4da2bde5c67bc6bff11b6adeb38ca9fa8704b8cd40dba294948bda3c271bccb74669972b840cc1a
  languageName: node
  linkType: hard

"code-point-at@npm:^1.0.0":
  version: 1.1.0
  resolution: "code-point-at@npm:1.1.0"
  checksum: 3/7d9837296e0f1c00239c88542f5a3e0bad11e45d3d0e8d9d097901fe54722dd5d2c006969077a287be8648a202c43f74e096f17552cbd897568308fba7b87ac0
  languageName: node
  linkType: hard

"commander@npm:2.9.0":
  version: 2.9.0
  resolution: "commander@npm:2.9.0"
  dependencies:
    graceful-readlink: ">= 1.0.0"
  checksum: 3/9b1fe7000d68e718b0b97b9f09626645cf833a5d8e5f29d409e731892170db201b71af6e7ff307d4dc327cd3cf26eb335cecf867ef91a9df91e61923511d8ebd
  languageName: node
  linkType: hard

"concat-map@npm:0.0.1":
  version: 0.0.1
  resolution: "concat-map@npm:0.0.1"
  checksum: 3/554e28d9ee5aa6e061795473ee092cb3d3a2cbdb76c35416e0bb6e03f136d7d07676da387b2ed0ec4106cedbb6534080d9abc48ecc4a92b76406cf2d0c3c0c4b
  languageName: node
  linkType: hard

"concat-stream@npm:^1.4.6":
  version: 1.6.2
  resolution: "concat-stream@npm:1.6.2"
  dependencies:
    buffer-from: ^1.0.0
    inherits: ^2.0.3
    readable-stream: ^2.2.2
    typedarray: ^0.0.6
  checksum: 3/7a97b7a7d0938e36800bdb6f5caf938bac8c523a6ec15df1f2ac41d3785541be30a6671c9f4c0d1ac9609e6ab29dcab8f54d1c84035e3e3b7b24f9336da68ab0
  languageName: node
  linkType: hard

"core-util-is@npm:~1.0.0":
  version: 1.0.2
  resolution: "core-util-is@npm:1.0.2"
  checksum: 3/089015ee3c462dfceba70faa1df83b42a7bb35db26dae6af283247b06fe3216c65fccd9f00eebcaf98300dc31e981d56aae9f90b624f8f6ff1153e235ff88b65
  languageName: node
  linkType: hard

"d@npm:1, d@npm:^1.0.1":
  version: 1.0.1
  resolution: "d@npm:1.0.1"
  dependencies:
    es5-ext: ^0.10.50
    type: ^1.0.1
  checksum: 3/cf9b770965fa4876f7aff46784e4f1a1ee71cc5df7e05c9c36bee52a74340b312b6f7ab224c8bfcc83f4b18c6f6a24e7b50bcd449ba4464c1df69874941324ae
  languageName: node
  linkType: hard

"debug@npm:2.6.8":
  version: 2.6.8
  resolution: "debug@npm:2.6.8"
  dependencies:
    ms: 2.0.0
  checksum: 3/dc91f2ae5ad145baf3c62c8959a989e56438435648de681fa75d2001cd8abefc074560a97993a257638377783ee896221cb86fc969182b9b639d842f997cd7b9
  languageName: node
  linkType: hard

"debug@npm:^2.1.1":
  version: 2.6.9
  resolution: "debug@npm:2.6.9"
  dependencies:
    ms: 2.0.0
  checksum: 3/559f44f98cf25e2ee489022aec173afbff746564cb108c4493becb95bc3c017a67bdaa25a0ff64801fd32c35051d00af0e56cc7f762ae2c3bc089496e5a1c31b
  languageName: node
  linkType: hard

"deep-is@npm:~0.1.3":
  version: 0.1.3
  resolution: "deep-is@npm:0.1.3"
  checksum: 3/3de58f86af4dec86c8be531a5abaf2e6d8ea98fa2f1d81a3a778d0d8df920ee282043a6ef05bfb4eb699c8551df9ac1b808d4dc71d54cc40ab1efa5ce8792943
  languageName: node
  linkType: hard

"diff@npm:3.2.0":
  version: 3.2.0
  resolution: "diff@npm:3.2.0"
  checksum: 3/0fda4bdd9f1af0333221dc6c7f998cfd5c0cc0ffd6d35badc4b5f496fb72bfc60c411bee84e261758e7ab2af5aa5caf2cbd2877a3705c2d7ceaa4d7d070443ab
  languageName: node
  linkType: hard

"doctrine@npm:^1.2.2":
  version: 1.5.0
  resolution: "doctrine@npm:1.5.0"
  dependencies:
    esutils: ^2.0.2
    isarray: ^1.0.0
  checksum: 3/aaffea02f963b8b07a78b1e27d7cef29be65d31be2c6681cb2872c2fb3781e14615bd05d4dff6036f75dcf3f191216058409fbfec805d3a7277a8647cd5bdee1
  languageName: node
  linkType: hard

"es5-ext@npm:^0.10.35, es5-ext@npm:^0.10.46, es5-ext@npm:^0.10.50, es5-ext@npm:~0.10.14":
  version: 0.10.53
  resolution: "es5-ext@npm:0.10.53"
  dependencies:
    es6-iterator: ~2.0.3
    es6-symbol: ~3.1.3
    next-tick: ~1.0.0
  checksum: 3/99e8115c2f99674d0defc1e077bb0061cd9e1fc996e93605f83441cc5b3b200b7b3646f9cda9313aa877a05c47b4577ead99a26177136a0ca3f208f67a7b4418
  languageName: node
  linkType: hard

"es6-iterator@npm:^2.0.3, es6-iterator@npm:~2.0.1, es6-iterator@npm:~2.0.3":
  version: 2.0.3
  resolution: "es6-iterator@npm:2.0.3"
  dependencies:
    d: 1
    es5-ext: ^0.10.35
    es6-symbol: ^3.1.1
  checksum: 3/1880ce31210da874cbb92b404c3128bdf68f616f3a902b2ca1d12f268aaedb11c5e6a2d9d364cde762de0130652a0474ba91abc09fa35f4abf6a8f22a592265e
  languageName: node
  linkType: hard

"es6-map@npm:^0.1.3":
  version: 0.1.5
  resolution: "es6-map@npm:0.1.5"
  dependencies:
    d: 1
    es5-ext: ~0.10.14
    es6-iterator: ~2.0.1
    es6-set: ~0.1.5
    es6-symbol: ~3.1.1
    event-emitter: ~0.3.5
  checksum: 3/5faad252f13d06dce1fc21407cd34e8ac0605b326f84a6514479e0a0f560198743735c5e475eabf6f79cf67fb63e5cbc3e0eabd12ecd0ab5d0539b581f4d64b9
  languageName: node
  linkType: hard

"es6-set@npm:~0.1.5":
  version: 0.1.5
  resolution: "es6-set@npm:0.1.5"
  dependencies:
    d: 1
    es5-ext: ~0.10.14
    es6-iterator: ~2.0.1
    es6-symbol: 3.1.1
    event-emitter: ~0.3.5
  checksum: 3/c1d56e6fa3b60b3bb4800e7e71261122abb4b504db39f76395c56816d27b4e9309701ef477a049dcfba2a89501ace86a1a742621da6c2087378722cb22df0494
  languageName: node
  linkType: hard

"es6-symbol@npm:3.1.1":
  version: 3.1.1
  resolution: "es6-symbol@npm:3.1.1"
  dependencies:
    d: 1
    es5-ext: ~0.10.14
  checksum: 3/d233e198741eaf03508bd87675b1b8c74077e881655d8b60d91d31a2fad7b30ec0882510c4ab2eb67d420f8c96fa9b3a4f6c67d4c572650d666e7a6bdb71d6e6
  languageName: node
  linkType: hard

"es6-symbol@npm:^3.1.1, es6-symbol@npm:~3.1.1, es6-symbol@npm:~3.1.3":
  version: 3.1.3
  resolution: "es6-symbol@npm:3.1.3"
  dependencies:
    d: ^1.0.1
    ext: ^1.1.2
  checksum: 3/0915d72de8760b56b69ca4360276123a4f61de5a3172fe340ce9288271cf48bcebe3ee46ca8ee0f2fd73206bbbefa7c4a40a6673d278a87c97d3a155de778931
  languageName: node
  linkType: hard

"es6-weak-map@npm:^2.0.1":
  version: 2.0.3
  resolution: "es6-weak-map@npm:2.0.3"
  dependencies:
    d: 1
    es5-ext: ^0.10.46
    es6-iterator: ^2.0.3
    es6-symbol: ^3.1.1
  checksum: 3/8dfd50b2919e16cf246ea9d5f9271eef466924248bc98a48a718cc149d0f67b708628c8e4bd32fa945a813c7780f94270f21ac16fff33c854a348db7e19f084d
  languageName: node
  linkType: hard

"escape-string-regexp@npm:1.0.5, escape-string-regexp@npm:^1.0.2, escape-string-regexp@npm:^1.0.5":
  version: 1.0.5
  resolution: "escape-string-regexp@npm:1.0.5"
  checksum: 3/f9484b8b4c8827d816e0fd905c25ed4b561376a9c220e1430403ea84619bf680c76a883a48cff8b8e091daf55d6a497e37479f9787b9f15f3c421b6054289744
  languageName: node
  linkType: hard

"escope@npm:^3.6.0":
  version: 3.6.0
  resolution: "escope@npm:3.6.0"
  dependencies:
    es6-map: ^0.1.3
    es6-weak-map: ^2.0.1
    esrecurse: ^4.1.0
    estraverse: ^4.1.1
  checksum: 3/447fe4c9cf1d067eec0262da85d175dcfad2a42fc276d5d9fcd6670b63aeb0c18300a8c26120dd469d6a61dc5338a9b2adc6c655942b162267eaaf33d94ca77f
  languageName: node
  linkType: hard

"eslint-plugin-tslint-comments@workspace:.":
  version: 0.0.0-use.local
  resolution: "eslint-plugin-tslint-comments@workspace:."
  dependencies:
    eslint: ~3.9.1
    mocha: ^3.1.2
    requireindex: ~1.1.0
  languageName: unknown
  linkType: soft

"eslint@npm:~3.9.1":
  version: 3.9.1
  resolution: "eslint@npm:3.9.1"
  dependencies:
    babel-code-frame: ^6.16.0
    chalk: ^1.1.3
    concat-stream: ^1.4.6
    debug: ^2.1.1
    doctrine: ^1.2.2
    escope: ^3.6.0
    espree: ^3.3.1
    estraverse: ^4.2.0
    esutils: ^2.0.2
    file-entry-cache: ^2.0.0
    glob: ^7.0.3
    globals: ^9.2.0
    ignore: ^3.1.5
    imurmurhash: ^0.1.4
    inquirer: ^0.12.0
    is-my-json-valid: ^2.10.0
    is-resolvable: ^1.0.0
    js-yaml: ^3.5.1
    json-stable-stringify: ^1.0.0
    levn: ^0.3.0
    lodash: ^4.0.0
    mkdirp: ^0.5.0
    natural-compare: ^1.4.0
    optionator: ^0.8.2
    path-is-inside: ^1.0.1
    pluralize: ^1.2.1
    progress: ^1.1.8
    require-uncached: ^1.0.2
    shelljs: ^0.7.5
    strip-bom: ^3.0.0
    strip-json-comments: ~1.0.1
    table: ^3.7.8
    text-table: ~0.2.0
    user-home: ^2.0.0
  bin:
    eslint: ./bin/eslint.js
  checksum: 3/b40cc3749b6c38cf56764524deedd413ca3c038674912e59c5bd980791bcd5e65bfb15352c76ce0dedd0c3020183a1eff578394756bc66a3a95235b054e031f7
  languageName: node
  linkType: hard

"espree@npm:^3.3.1":
  version: 3.5.4
  resolution: "espree@npm:3.5.4"
  dependencies:
    acorn: ^5.5.0
    acorn-jsx: ^3.0.0
  checksum: 3/9a546740e47088bdf3e5fab8dbbf8174fe1550d43e4210a6dd4c518b6c3601220a8a1bb7bc32cd13e5f61b879b86c65a44ded5554714953eb44604bceb379039
  languageName: node
  linkType: hard

"esprima@npm:^4.0.0":
  version: 4.0.1
  resolution: "esprima@npm:4.0.1"
  bin:
    esparse: ./bin/esparse.js
    esvalidate: ./bin/esvalidate.js
  checksum: 3/5df45a3d9c95c36800d028ba76d8d4e04e199932b58c2939f462f859fd583e7d39b4a12d3f97986cf272a28a5fe5948ee6e49e36ef63f67b5b48d82a635c5081
  languageName: node
  linkType: hard

"esrecurse@npm:^4.1.0":
  version: 4.2.1
  resolution: "esrecurse@npm:4.2.1"
  dependencies:
    estraverse: ^4.1.0
  checksum: 3/9acfa287729037ccb63ee725df2214b313fe1296a91f58fe42b151e1af0d51558ac18486e53f5717477ad9306f7a79d4e20fc7f8bac486d3175f86ab2dc67f73
  languageName: node
  linkType: hard

"estraverse@npm:^4.1.0, estraverse@npm:^4.1.1, estraverse@npm:^4.2.0":
  version: 4.3.0
  resolution: "estraverse@npm:4.3.0"
  checksum: 3/1e4c627da9e9af07bf7b2817320f606841808fb2ec0cbd81097b30d5f90d8613288b3e523153babe04615d59b54ef876d98f0ca27488b6c0934dacd725a8d338
  languageName: node
  linkType: hard

"esutils@npm:^2.0.2":
  version: 2.0.3
  resolution: "esutils@npm:2.0.3"
  checksum: 3/590b04533177f8f6f0f352b3ac7da6c1c1e3d8375d8973972fba9c94558ca168685fd38319c3c6f4c37ba256df7494a7f15d8e761df1655af8a8f0027d988f8f
  languageName: node
  linkType: hard

"event-emitter@npm:~0.3.5":
  version: 0.3.5
  resolution: "event-emitter@npm:0.3.5"
  dependencies:
    d: 1
    es5-ext: ~0.10.14
  checksum: 3/92107b89703222355070b8c49208baf9426ce015d54b646a80f6652d348ab6064c5e13f1756ae20c750d8368f4b3cde48bafc56484667ba0e12d07c50b645f21
  languageName: node
  linkType: hard

"exit-hook@npm:^1.0.0":
  version: 1.1.1
  resolution: "exit-hook@npm:1.1.1"
  checksum: 3/4f89f35c225f6e28e86e85770185a02d650162e93e671a1040315a86f42fdf851f837152b2c38ded703eaae8e9934cb0f8db217a2896ff01d8125879cad1101a
  languageName: node
  linkType: hard

"ext@npm:^1.1.2":
  version: 1.4.0
  resolution: "ext@npm:1.4.0"
  dependencies:
    type: ^2.0.0
  checksum: 3/c94102371fecdee9f48d1acac2d0e49d49906af457c79d1d7cf1a0a14317ed3e4c99cd8a2e6f9a00e93d54306ee2872e2542edd0aa58bccc4fc72aa429ef215c
  languageName: node
  linkType: hard

"fast-levenshtein@npm:~2.0.6":
  version: 2.0.6
  resolution: "fast-levenshtein@npm:2.0.6"
  checksum: 3/a2d03af3088b0397633e007fb3010ecfa4f91cae2116d2385653c59396a1b31467641afa672a79e6f82218518670dc144128378124e711e35dbf90bc82846f22
  languageName: node
  linkType: hard

"figures@npm:^1.3.5":
  version: 1.7.0
  resolution: "figures@npm:1.7.0"
  dependencies:
    escape-string-regexp: ^1.0.5
    object-assign: ^4.1.0
  checksum: 3/17f76820de5201632650d0ea10b5485111677df96423a2401158e85eeb277344551fea908d4ca7407f4fa99ac2e7a70839ece89ce6185e7fa6787245aeb7fd87
  languageName: node
  linkType: hard

"file-entry-cache@npm:^2.0.0":
  version: 2.0.0
  resolution: "file-entry-cache@npm:2.0.0"
  dependencies:
    flat-cache: ^1.2.1
    object-assign: ^4.0.1
  checksum: 3/f24e9a390539f93780ba34974e506f16ccd795e275f4debe062e744f4d97faa1647e1139765c39b65f8d63e52dd8ffb90c56a6484982ac54b4f9ea65da31b000
  languageName: node
  linkType: hard

"flat-cache@npm:^1.2.1":
  version: 1.3.4
  resolution: "flat-cache@npm:1.3.4"
  dependencies:
    circular-json: ^0.3.1
    graceful-fs: ^4.1.2
    rimraf: ~2.6.2
    write: ^0.2.1
  checksum: 3/be31b3c3cc720abcc92889e4cdba8561a3775166fc3729606e9dc6d3b86da6953d491d94fbbf7528030ea6d901d077d26f7f4aab5d004be90cb3f833623c157d
  languageName: node
  linkType: hard

"fs.realpath@npm:^1.0.0":
  version: 1.0.0
  resolution: "fs.realpath@npm:1.0.0"
  checksum: 3/698a91b1695e3926185c9e5b0dd57cf687dceb4eb73799af91e6b2ab741735e2962c366c5af6403ffddae2619914193bd339efa706fdc984d0ffc74b7a3603f4
  languageName: node
  linkType: hard

"generate-function@npm:^2.0.0":
  version: 2.3.1
  resolution: "generate-function@npm:2.3.1"
  dependencies:
    is-property: ^1.0.2
  checksum: 3/620517b8c4b1e273bfdecaa22f92b013393a5800feadf1559c762cf87b164020ccfe217a51908fb715970b820bc27f1252a73436c4e02ef00d04226bf94e3cdc
  languageName: node
  linkType: hard

"generate-object-property@npm:^1.1.0":
  version: 1.2.0
  resolution: "generate-object-property@npm:1.2.0"
  dependencies:
    is-property: ^1.0.0
  checksum: 3/3d6809bfda32d5eb8f01585c01ebead046ef67cee982e3f1e4714e2b5b01b0419afcdc4be44038d4574311bb298badfd60450d6092e1dcd1841b2b536c9cf6db
  languageName: node
  linkType: hard

"glob@npm:7.1.1":
  version: 7.1.1
  resolution: "glob@npm:7.1.1"
  dependencies:
    fs.realpath: ^1.0.0
    inflight: ^1.0.4
    inherits: 2
    minimatch: ^3.0.2
    once: ^1.3.0
    path-is-absolute: ^1.0.0
  checksum: 3/24e7b02c59f5d225d022a1b24b99ff7ee3383fe3c453024788be75532e107e669cccd3ab5f1fdcccdf5ec7d183dbb7a1ff7aa4e2e28174aaad0f078d7abdf98f
  languageName: node
  linkType: hard

"glob@npm:^7.0.0, glob@npm:^7.0.3, glob@npm:^7.1.3":
  version: 7.1.6
  resolution: "glob@npm:7.1.6"
  dependencies:
    fs.realpath: ^1.0.0
    inflight: ^1.0.4
    inherits: 2
    minimatch: ^3.0.4
    once: ^1.3.0
    path-is-absolute: ^1.0.0
  checksum: 3/789977b52432865bd63846da5c75a6efc2c56abdc0cb5ffcdb8e91eeb67a58fa5594c1195d18b2b4aff99675b0739ed6bd61024b26562e0cca18c8f993efdc82
  languageName: node
  linkType: hard

"globals@npm:^9.2.0":
  version: 9.18.0
  resolution: "globals@npm:9.18.0"
  checksum: 3/ad86a4b4d7348a259c4a0748c5f4c7c1c51c624567a48538092b7fc0b6cba7d9de9d16e7b788c693b590856608f9a697af2295ff278ff442d8fa705dd1240164
  languageName: node
  linkType: hard

"graceful-fs@npm:^4.1.2":
  version: 4.2.4
  resolution: "graceful-fs@npm:4.2.4"
  checksum: 3/d095ee4dc6eacc76814cd52d5d185b860119378a6fd4888e7d4e94983095c54d4f6369942a5e3d759cdbdd4e3ee7eaeb27a39ff938c6ee4610894fd9de46b6cb
  languageName: node
  linkType: hard

"graceful-readlink@npm:>= 1.0.0":
  version: 1.0.1
  resolution: "graceful-readlink@npm:1.0.1"
  checksum: 3/a0675771561e8f8401ce4f8feddcc5bc3fc7370d7cc95c9dab3fff8e4bb6f69316072267075e2e54ecaeb2ba72019cf9bd334732cdb1582b5a0642dd33b5b0e0
  languageName: node
  linkType: hard

"growl@npm:1.9.2":
  version: 1.9.2
  resolution: "growl@npm:1.9.2"
  checksum: 3/9d037745ecb8149587af8de4392aff650f4fcf460174c2b5a315fd24b2d9cc89d1bbcc490c5a691bdd0cc79621c83cbae8b003571b60268ecb4d4847c9b9b444
  languageName: node
  linkType: hard

"has-ansi@npm:^2.0.0":
  version: 2.0.0
  resolution: "has-ansi@npm:2.0.0"
  dependencies:
    ansi-regex: ^2.0.0
  checksum: 3/c6805f5d01ced45ba247ff2b8c914f401e70aa9086552d8eafbdf6bc0b0e38ea4a3bf1a387d100ff5f07e5854bca96532a01777820a16be2cdf8cf6582091bad
  languageName: node
  linkType: hard

"has-flag@npm:^1.0.0":
  version: 1.0.0
  resolution: "has-flag@npm:1.0.0"
  checksum: 3/556423170e15c694061a69052773114159c18ddf4ca0c72912591343f9568878c0ab29c16ab901f3466eaca25faf5ca4b1c6831b6795a3a3cd5d1606bdc6fa1f
  languageName: node
  linkType: hard

"he@npm:1.1.1":
  version: 1.1.1
  resolution: "he@npm:1.1.1"
  bin:
    he: bin/he
  checksum: 3/b2b167171cf3eeec7db1c016fc650bc588771841b51f0d04538e700412932a1dc710d150bc629acab25b0ecc6ecf6646014dbf10160782b089651b984a3125fc
  languageName: node
  linkType: hard

"ignore@npm:^3.1.5":
  version: 3.3.10
  resolution: "ignore@npm:3.3.10"
  checksum: 3/eda1ee571684bccf3cf9eeb09aba8e85c1331f3f7773af67f70662ffc96a11ef284132bbf65e748249648f296b01276ed9ad4a11d912086fed418892a48e0733
  languageName: node
  linkType: hard

"imurmurhash@npm:^0.1.4":
  version: 0.1.4
  resolution: "imurmurhash@npm:0.1.4"
  checksum: 3/34d414d789286f6ef4d2b954c76c7df40dd7cabffef9b9959c8bd148677e98151f4fa5344aae2e3ad2b62308555ccbba3022e535a3e24288c9babb1308e35532
  languageName: node
  linkType: hard

"inflight@npm:^1.0.4":
  version: 1.0.6
  resolution: "inflight@npm:1.0.6"
  dependencies:
    once: ^1.3.0
    wrappy: 1
  checksum: 3/17c53fc42cbe7f7f471d2bc41b97a0cde4b79a74d5ff59997d3f75210566fa278e17596da526d43de2bd07e222706240ce50e60097e54f2cde2e64cbbb372638
  languageName: node
  linkType: hard

"inherits@npm:2, inherits@npm:^2.0.3, inherits@npm:~2.0.3":
  version: 2.0.4
  resolution: "inherits@npm:2.0.4"
  checksum: 3/98426da247ddfc3dcd7d7daedd90c3ca32d5b08deca08949726f12d49232aef94772a07b36cf4ff833e105ae2ef931777f6de4a6dd8245a216b9299ad4a50bea
  languageName: node
  linkType: hard

"inquirer@npm:^0.12.0":
  version: 0.12.0
  resolution: "inquirer@npm:0.12.0"
  dependencies:
    ansi-escapes: ^1.1.0
    ansi-regex: ^2.0.0
    chalk: ^1.0.0
    cli-cursor: ^1.0.1
    cli-width: ^2.0.0
    figures: ^1.3.5
    lodash: ^4.3.0
    readline2: ^1.0.1
    run-async: ^0.1.0
    rx-lite: ^3.1.2
    string-width: ^1.0.1
    strip-ansi: ^3.0.0
    through: ^2.3.6
  checksum: 3/52d7d55682411f3d4371751dccc772662f200f91f466ca65bc87201a90ab63542bea6f5801bd28b9540c8a464a4199ace3fb19c52e2c1bdf78337c8c60b23dd2
  languageName: node
  linkType: hard

"interpret@npm:^1.0.0":
  version: 1.2.0
  resolution: "interpret@npm:1.2.0"
  checksum: 3/06d0dd4af01f9d0a99af8fb20c888db99e7c1bd28835951646a7e426dd99ccfffb9d06ad2e8f7cb60dd2ecc3e5bc61fe83e04c2cc47d92c7b144ff935673463c
  languageName: node
  linkType: hard

"is-fullwidth-code-point@npm:^1.0.0":
  version: 1.0.0
  resolution: "is-fullwidth-code-point@npm:1.0.0"
  dependencies:
    number-is-nan: ^1.0.0
  checksum: 3/fc3d51ef082eaf0c0d44e94b74cf43b97446e008b147b08186daea8bd5ff402596f04b5fe4fa4c0457470beab5c2de8339c49c96b5be65fe9fdf88f60a0001e8
  languageName: node
  linkType: hard

"is-fullwidth-code-point@npm:^2.0.0":
  version: 2.0.0
  resolution: "is-fullwidth-code-point@npm:2.0.0"
  checksum: 3/e1e5284f848ab6885665967cd768292a75022304d4401e78937a68f423047c29bfe87a43a9cdb67a3210fff7bcd5da51469122a0eff59b03261c379e58dbe921
  languageName: node
  linkType: hard

"is-my-ip-valid@npm:^1.0.0":
  version: 1.0.0
  resolution: "is-my-ip-valid@npm:1.0.0"
  checksum: 3/d4772d6438ae062003dfb52563d023f1dc9cb25a7236d6ed409ee151f723cbde6e303f1a19222018991c335b86a8853a6e7530ae084ef99973a10e06fa5e259b
  languageName: node
  linkType: hard

"is-my-json-valid@npm:^2.10.0":
  version: 2.20.0
  resolution: "is-my-json-valid@npm:2.20.0"
  dependencies:
    generate-function: ^2.0.0
    generate-object-property: ^1.1.0
    is-my-ip-valid: ^1.0.0
    jsonpointer: ^4.0.0
    xtend: ^4.0.0
  checksum: 3/dc9ac4bb3c19fef07623c88edfe91fec192307b6aedab1a54a5b9318f2b23d117d67d5c736b71a97ff73d472f00138b3bcfbe8115ed630c8061bbe30b0af3893
  languageName: node
  linkType: hard

"is-property@npm:^1.0.0, is-property@npm:^1.0.2":
  version: 1.0.2
  resolution: "is-property@npm:1.0.2"
  checksum: 3/0473ad8e4e0a4a0d74f0dc820a0dd5e2b1e82eaea0b6ec32402656c5d87b80e964aabf344f4520920b8cbf9cac176f1ae2fcdbb7fb916926a8f5febfde106f69
  languageName: node
  linkType: hard

"is-resolvable@npm:^1.0.0":
  version: 1.1.0
  resolution: "is-resolvable@npm:1.1.0"
  checksum: 3/ef1a289c54e1115f668cd4fbfd6dc53d6bfa02c2c12e812a578aefbe795b72339cde37e9ee5709d15a21009cadadba2c61cf810f2dd1da29e3c651776c98dda8
  languageName: node
  linkType: hard

"isarray@npm:^1.0.0, isarray@npm:~1.0.0":
  version: 1.0.0
  resolution: "isarray@npm:1.0.0"
  checksum: 3/b0ff31a290e783f7b3fb73f2951ee7fc2946dc197b05f73577dc77f87dc3be2e0f66007bedf069123d4e5c4b691e7c89a241f6ca06f0c0f4765cdac5aa4b4047
  languageName: node
  linkType: hard

"js-tokens@npm:^3.0.2":
  version: 3.0.2
  resolution: "js-tokens@npm:3.0.2"
  checksum: 3/81e634d5a909ba8294758ddca47a0c0cfee90e84cc14973c072a3a27456b387ed8def0f24aff7074c02c3ba47531f4ad8b58320f5f5c4216ef46257de5350568
  languageName: node
  linkType: hard

"js-yaml@npm:^3.5.1":
  version: 3.14.0
  resolution: "js-yaml@npm:3.14.0"
  dependencies:
    argparse: ^1.0.7
    esprima: ^4.0.0
  bin:
    js-yaml: bin/js-yaml.js
  checksum: 3/2eb95464e5263aedc20ae2d9280f0e29b00adab15ece080ec42473d7055efaab24b904108644d115f687efe05a5bde02972b883aafa93607c4c108f667a56fa7
  languageName: node
  linkType: hard

"json-stable-stringify@npm:^1.0.0, json-stable-stringify@npm:^1.0.1":
  version: 1.0.1
  resolution: "json-stable-stringify@npm:1.0.1"
  dependencies:
    jsonify: ~0.0.0
  checksum: 3/0f49a4281b2a82dc0148580764dd8116992f972ddc3574bd1df4bfcec76f52e2b9975febe234cf1b99c7578bb8a285d026888458ea636b8f3b0297d5de032bf7
  languageName: node
  linkType: hard

"json3@npm:3.3.2":
  version: 3.3.2
  resolution: "json3@npm:3.3.2"
  checksum: 3/550360ca80ccee0db60aaa19ae4781876d97bfc8a7e4eb4edb46d06cb54445dc5923e77939599f982db99c1bca9065f88d9d65669515523a7de165d7224fa5a5
  languageName: node
  linkType: hard

"jsonify@npm:~0.0.0":
  version: 0.0.0
  resolution: "jsonify@npm:0.0.0"
  checksum: 3/53630f54108a55e062534503bf4a236165082ff75d2872a08ce8625b476dcf5ad8c990b012b9c740f93c61f20227161eb58dd41a16a0894699cc47d697d6d7c7
  languageName: node
  linkType: hard

"jsonpointer@npm:^4.0.0":
  version: 4.0.1
  resolution: "jsonpointer@npm:4.0.1"
  checksum: 3/ca1019b8b7e1c680c6c1b08814e82418ab43f68b4f91a382da49e16ee7bd67aea1ad0b1b86acf91ed545b0429df3936edee22bc4e0796728810013fb00ebfc0e
  languageName: node
  linkType: hard

"levn@npm:^0.3.0, levn@npm:~0.3.0":
  version: 0.3.0
  resolution: "levn@npm:0.3.0"
  dependencies:
    prelude-ls: ~1.1.2
    type-check: ~0.3.2
  checksum: 3/775861da38dcb7e5f1de5bea2a1c7ffaede6e9e8632cfbac76be145ecb295370f46bb41307613c283d66f1fee5d8cc448ca3323c4a02d0fb1e913b2f78de2abb
  languageName: node
  linkType: hard

"lodash._baseassign@npm:^3.0.0":
  version: 3.2.0
  resolution: "lodash._baseassign@npm:3.2.0"
  dependencies:
    lodash._basecopy: ^3.0.0
    lodash.keys: ^3.0.0
  checksum: 3/fecc9b6f17dd3dbc480586a570c4fef18395cd7216feaefdbe3f3a30250cc516b595521a006dff71e49a7c682da8076ef2d4c39163e15ce745aefde154167381
  languageName: node
  linkType: hard

"lodash._basecopy@npm:^3.0.0":
  version: 3.0.1
  resolution: "lodash._basecopy@npm:3.0.1"
  checksum: 3/b5808bb7cc4a91268c8d08a7ff5ecf97e1c2b3c7cfd90f154f9ec3e697e1729cd7fb88a4c394d83f279985f1e1c8f0e4078fc3a90fa1e0f0a5760c2a776a8344
  languageName: node
  linkType: hard

"lodash._basecreate@npm:^3.0.0":
  version: 3.0.3
  resolution: "lodash._basecreate@npm:3.0.3"
  checksum: 3/c1ebcd0181e053ddb15b83ccea3f41af1e08a5cc91e2b4edae030ee18120e270630b7f74766f29ad8b53229cb9dad420d116860eb2b20356491c3144df826080
  languageName: node
  linkType: hard

"lodash._getnative@npm:^3.0.0":
  version: 3.9.1
  resolution: "lodash._getnative@npm:3.9.1"
  checksum: 3/0be75345c6f4b3a543a9c02777499720f25bfe7c7a494901b6f3d6d1cafdcea4e2c93bc672521ce8336b81bbd8003e27c51fe30373efd5b7b0a9ca9f18913a35
  languageName: node
  linkType: hard

"lodash._isiterateecall@npm:^3.0.0":
  version: 3.0.9
  resolution: "lodash._isiterateecall@npm:3.0.9"
  checksum: 3/ee4ec77d8a21f5b64de6870c0a38f9dc64c33271dd119bf9b32adbab3e483cc1b4b6b899d2c3172972678b188a4c38e615cf23b8142229a9d0725c140d0157a6
  languageName: node
  linkType: hard

"lodash.create@npm:3.1.1":
  version: 3.1.1
  resolution: "lodash.create@npm:3.1.1"
  dependencies:
    lodash._baseassign: ^3.0.0
    lodash._basecreate: ^3.0.0
    lodash._isiterateecall: ^3.0.0
  checksum: 3/bff4bd7fc71293ef104f6a19f62563c1e93f6b5f3390405fa58bf1239dbd2d4c1f501e4322e9f4269d450b4267e718f9931adc512d50c7d88064dd9bdb9f835d
  languageName: node
  linkType: hard

"lodash.isarguments@npm:^3.0.0":
  version: 3.1.0
  resolution: "lodash.isarguments@npm:3.1.0"
  checksum: 3/9ba5e1bba66e757ca981967246a66d759ceff19acf084b6a84ab7b5e0fe0338538317d37ccbdf603db687a1d25ba9d075c0d6bb781dc621938c4b0e5ad735c8d
  languageName: node
  linkType: hard

"lodash.isarray@npm:^3.0.0":
  version: 3.0.4
  resolution: "lodash.isarray@npm:3.0.4"
  checksum: 3/9335120bb50e1755441d3384c14f943a99d4e0d12076bb1a4a31d8b52e7693d790e4e1a429eba604fd64f5c074b372cd8b03f501a06ba1ad1785acf0ad4c0fff
  languageName: node
  linkType: hard

"lodash.keys@npm:^3.0.0":
  version: 3.1.2
  resolution: "lodash.keys@npm:3.1.2"
  dependencies:
    lodash._getnative: ^3.0.0
    lodash.isarguments: ^3.0.0
    lodash.isarray: ^3.0.0
  checksum: 3/5648f47493c0118ec8590402f8b04fc5d9668681177586576c155f1fd776049775b310ffe17a5252d6fb2d0b3c42d24ab76e888d3177567a01d44355023d49f0
  languageName: node
  linkType: hard

"lodash@npm:^4.0.0, lodash@npm:^4.3.0":
  version: 4.17.15
  resolution: "lodash@npm:4.17.15"
  checksum: 3/aec3fbb7570aa67bda500b8299b1b1821d60646bede87f76a74dfcc7666ab3445267d734ec71424d70809d52ad67a1356fab5ab694a3faa1908d68e9d48f00f5
  languageName: node
  linkType: hard

"minimatch@npm:^3.0.2, minimatch@npm:^3.0.4":
  version: 3.0.4
  resolution: "minimatch@npm:3.0.4"
  dependencies:
    brace-expansion: ^1.1.7
  checksum: 3/47eab9263962cacd5733e274ecad2d8e54b0f8e124ba35ae69189e296058f634a4967b87a98954f86fa5c830ff177caf827ce0136d28717ed3232951fb4fae62
  languageName: node
  linkType: hard

"minimist@npm:0.0.8":
  version: 0.0.8
  resolution: "minimist@npm:0.0.8"
  checksum: 3/d71c4684bce92f9c0500e103498adb5e45bbda551763132a703306c2dab6f3a1f69eb6448c3ff3ea73fb562285dfd6ee3a354d5c0e5dd52e3d5f3037c82c0935
  languageName: node
  linkType: hard

"minimist@npm:^1.2.5":
  version: 1.2.5
  resolution: "minimist@npm:1.2.5"
  checksum: 3/b77b8590147a4e217ff34266236bc39de23b52e6e33054076991ff674c7397a1380a7bde11111916f16f003a94aaa7e4f3d92595a32189644ff607fabc65a5b6
  languageName: node
  linkType: hard

"mkdirp@npm:0.5.1":
  version: 0.5.1
  resolution: "mkdirp@npm:0.5.1"
  dependencies:
    minimist: 0.0.8
  bin:
    mkdirp: bin/cmd.js
  checksum: 3/8ef65f4f0c7642b2f6e7af417eb9f3f24e8d1e4d612eddc5b1ee3b0ef974ccfaafb38bba6cc9178510c5aae82a6ef9ad85037448c9856b2fb8308162a7c8987e
  languageName: node
  linkType: hard

"mkdirp@npm:^0.5.0, mkdirp@npm:^0.5.1":
  version: 0.5.5
  resolution: "mkdirp@npm:0.5.5"
  dependencies:
    minimist: ^1.2.5
  bin:
    mkdirp: bin/cmd.js
  checksum: 3/9dd9792e891927b14ca02226dbe1daeb717b9517a001620d5e2658bbc72c5e4f06887b6cbcbb60595fa5a56e701073cf250f1ed69c1988a6b89faf9fd6a4d049
  languageName: node
  linkType: hard

"mocha@npm:^3.1.2":
  version: 3.5.3
  resolution: "mocha@npm:3.5.3"
  dependencies:
    browser-stdout: 1.3.0
    commander: 2.9.0
    debug: 2.6.8
    diff: 3.2.0
    escape-string-regexp: 1.0.5
    glob: 7.1.1
    growl: 1.9.2
    he: 1.1.1
    json3: 3.3.2
    lodash.create: 3.1.1
    mkdirp: 0.5.1
    supports-color: 3.1.2
  bin:
    _mocha: ./bin/_mocha
    mocha: ./bin/mocha
  checksum: 3/c0b073f422abe64fde97ffc407c4dd1dd356a716456128119d703aefa2f3ce3a3b6133682d4961cac39a8399775c6bfba0c5901a1df95f7b31a884dab1a0cd3d
  languageName: node
  linkType: hard

"ms@npm:2.0.0":
  version: 2.0.0
  resolution: "ms@npm:2.0.0"
  checksum: 3/1a230340cc7f322fbe916783d8c8d60455407c6b7fb7f901d6ee34eb272402302c5c7f070a97b8531245cbb4ca6a0a623f6a128d7e5a5440cefa2c669c0b35bb
  languageName: node
  linkType: hard

"mute-stream@npm:0.0.5":
  version: 0.0.5
  resolution: "mute-stream@npm:0.0.5"
  checksum: 3/caae8898a05a163f7fd272fc52b84c9a5ec04252ff6c62b628d8a6570c83d5ff0de9c0abd9edb5e5ac5a48ed4dbc692c106d1ad3a225dd033d0c725a7f43c21e
  languageName: node
  linkType: hard

"natural-compare@npm:^1.4.0":
  version: 1.4.0
  resolution: "natural-compare@npm:1.4.0"
  checksum: 3/2daf93d9bb516eddb06e2e80657a605af2e494d47c65d090ba43691aaffbc41f520840f1c9d3b7b641977af950217a4ab6ffb85bafcd5dfa8ba6fe4e68c43b53
  languageName: node
  linkType: hard

"next-tick@npm:~1.0.0":
  version: 1.0.0
  resolution: "next-tick@npm:1.0.0"
  checksum: 3/18db63c447c6e65a23235b91da9ccdae53f74f9194cfbc71a1fd3170cdf81bd157d9676e47c2ea4ea5bd20e09fb019917b0a45d8e1a63e377175fc083f285234
  languageName: node
  linkType: hard

"number-is-nan@npm:^1.0.0":
  version: 1.0.1
  resolution: "number-is-nan@npm:1.0.1"
  checksum: 3/42251b2653a16f8b47639d93c3b646fff295a4582a6b3a2fc51a651d4511427c247629709063d19befbceb8a3db1a8e9f17016b3a207291e79e4bd1413032918
  languageName: node
  linkType: hard

"object-assign@npm:^4.0.1, object-assign@npm:^4.1.0":
  version: 4.1.1
  resolution: "object-assign@npm:4.1.1"
  checksum: 3/66cf021898fc1b13ea573ea8635fbd5a76533f50cecbc2fcd5eee1e8029af41bcebe7023788b6d0e06cbe4401ecea075d972f78ec74467cdc571a0f1a4d1a081
  languageName: node
  linkType: hard

"once@npm:^1.3.0":
  version: 1.4.0
  resolution: "once@npm:1.4.0"
  dependencies:
    wrappy: 1
  checksum: 3/57afc246536cf6494437f982b26475f22bee860f8b77ce8eb1543f42a8bffe04b2c66ddfea9a16cb25ccb80943f8ee4fc639367ef97b7a6a4f2672eb573963f5
  languageName: node
  linkType: hard

"onetime@npm:^1.0.0":
  version: 1.1.0
  resolution: "onetime@npm:1.1.0"
  checksum: 3/ddf13ecba8d11048dfd3a8b99c30a509ec0f629cc46b5bbfcfc78442f39385aa7512e92ac8d1fd980c2649bde515ffede5c14223767f7f6f96b1aab33d11f6b3
  languageName: node
  linkType: hard

"optionator@npm:^0.8.2":
  version: 0.8.3
  resolution: "optionator@npm:0.8.3"
  dependencies:
    deep-is: ~0.1.3
    fast-levenshtein: ~2.0.6
    levn: ~0.3.0
    prelude-ls: ~1.1.2
    type-check: ~0.3.2
    word-wrap: ~1.2.3
  checksum: 3/a5cdced2c92d2bf2b2338b7e29b871eb97987424f7b50d5446853f709f53c855714465ee4bf1842fed2a175445d78cd44376a16666e38ef90ebf4670173d98b8
  languageName: node
  linkType: hard

"os-homedir@npm:^1.0.0":
  version: 1.0.2
  resolution: "os-homedir@npm:1.0.2"
  checksum: 3/725256246b2cec353250ec46442e3cfa7bc96ef92285d448a90f12f4bbd78c1bf087051b2cef0382da572e1a9ebc8aa24bd0940a3bdc633c3e3012eef1dc6848
  languageName: node
  linkType: hard

"path-is-absolute@npm:^1.0.0":
  version: 1.0.1
  resolution: "path-is-absolute@npm:1.0.1"
  checksum: 3/907e1e3e6ac0aef6e65adffd75b3892191d76a5b94c5cf26b43667c4240531d11872ca6979c209b2e5e1609f7f579d02f64ba9936b48bb59d36cc529f0d965ed
  languageName: node
  linkType: hard

"path-is-inside@npm:^1.0.1":
  version: 1.0.2
  resolution: "path-is-inside@npm:1.0.2"
  checksum: 3/9c1841199d18398ee5f6d79f57eaa57f8eb85743353ea97c6d933423f246f044575a10c1847c638c36440b050aef82665b9cb4fc60950866cd239f3d51835ef4
  languageName: node
  linkType: hard

"path-parse@npm:^1.0.6":
  version: 1.0.6
  resolution: "path-parse@npm:1.0.6"
  checksum: 3/2eee4b93fb3ae13600e3fca18390d9933bbbcf725a624f6b8df020d87515a74872ff6c58072190d6dc75a5584a683dc6ae5c385ad4e4f4efb6e66af040d56c67
  languageName: node
  linkType: hard

"pluralize@npm:^1.2.1":
  version: 1.2.1
  resolution: "pluralize@npm:1.2.1"
  checksum: 3/86cae3decdc23c176aaf82a10bfe5283da5072586e3c136d8d5c260dcd8d551c7437a266854dcbf93074e84b015cdb10177bbd65938d269ca9aaaa7453c16596
  languageName: node
  linkType: hard

"prelude-ls@npm:~1.1.2":
  version: 1.1.2
  resolution: "prelude-ls@npm:1.1.2"
  checksum: 3/189c969c92151b0de7a6e5d2ae0c4e50bbec5675cdd9fee3b7509d9d74b6416787ee36a8c12a07e8afb01454a8185b695b3395912484fa118e071fea45223b9b
  languageName: node
  linkType: hard

"process-nextick-args@npm:~2.0.0":
  version: 2.0.1
  resolution: "process-nextick-args@npm:2.0.1"
  checksum: 3/ddeb0f07d0d5efa649c2c5e39d1afd0e3668df2b392d036c8a508b0034f7beffbc474b3c2f7fd3fed2dc4113cef8f1f7e00d05690df3c611b36f6c7efd7852d1
  languageName: node
  linkType: hard

"progress@npm:^1.1.8":
  version: 1.1.8
  resolution: "progress@npm:1.1.8"
  checksum: 3/84a5b0ac6da5051b9bf7044c3f5d4e651b13a2011b54fb0c7f32b4f48d54a2df9e4d1e92cf4c6c11d109fb8a1817abf005b7938d0e1f27611e6c4060af0bffd2
  languageName: node
  linkType: hard

"readable-stream@npm:^2.2.2":
  version: 2.3.7
  resolution: "readable-stream@npm:2.3.7"
  dependencies:
    core-util-is: ~1.0.0
    inherits: ~2.0.3
    isarray: ~1.0.0
    process-nextick-args: ~2.0.0
    safe-buffer: ~5.1.1
    string_decoder: ~1.1.1
    util-deprecate: ~1.0.1
  checksum: 3/6e3826560627a751feb3a8aec073ef94c6e47b8c8e06eb5d136323b5f09db9d2077c23a42a8d54ed0123695af54b36c1e4271a8ec55112b15f4b89020d8dec72
  languageName: node
  linkType: hard

"readline2@npm:^1.0.1":
  version: 1.0.1
  resolution: "readline2@npm:1.0.1"
  dependencies:
    code-point-at: ^1.0.0
    is-fullwidth-code-point: ^1.0.0
    mute-stream: 0.0.5
  checksum: 3/04ce291f0916bbf97eb10585aaa0e94374b5c46bd1574e3076ba341a2867652a88b5c0f2c4370cf50f1cf93c1a230a00bd5e627ed1aa88894dc4e01e4e234634
  languageName: node
  linkType: hard

"rechoir@npm:^0.6.2":
  version: 0.6.2
  resolution: "rechoir@npm:0.6.2"
  dependencies:
    resolve: ^1.1.6
  checksum: 3/6646a6bce733282d182bf04816b15d4e2d63736b3453cf62a8568aaa1399621a73b3942315161f549e090f9a3c61bc09f4cb674f928c369a40037621e10295bd
  languageName: node
  linkType: hard

"require-uncached@npm:^1.0.2":
  version: 1.0.3
  resolution: "require-uncached@npm:1.0.3"
  dependencies:
    caller-path: ^0.1.0
    resolve-from: ^1.0.0
  checksum: 3/8aea7291a0196dbcd668cb28baec6f416fa3278430352d9453d1b3c04cca117a30bf7f8d1a1da6bbd37229d6ada0c71ea06775e22b43f2f7f6dd743cf9129ae7
  languageName: node
  linkType: hard

"requireindex@npm:~1.1.0":
  version: 1.1.0
  resolution: "requireindex@npm:1.1.0"
  checksum: 3/571a7c97bc3c881321c757c8a1bee09da41eeefab8294bd7858bc4f108eab73e4ad4ce80f8206e7c20ffa1482eda842f3b3021f28ab543ddfc1756272659c71e
  languageName: node
  linkType: hard

"resolve-from@npm:^1.0.0":
  version: 1.0.1
  resolution: "resolve-from@npm:1.0.1"
  checksum: 3/d42c04e596aa8747c763a1e2515cb4708c440a33921a31eced09e9bb971f92f136659a93606bb8bcd39a1eff25a41c8ed36ef42a3b894ba244d61ba64cc74a86
  languageName: node
  linkType: hard

resolve@^1.1.6:
  version: 1.17.0
  resolution: "resolve@npm:1.17.0"
  dependencies:
    path-parse: ^1.0.6
  checksum: 3/5e3cdb8cf68c20b0c5edeb6505e7fab20c6776af0cae4b978836e557420aef7bb50acd25339bbb143b7f80533aa1988c7e827a0061aee9c237926a7d2c41f8d0
  languageName: node
  linkType: hard

"resolve@patch:resolve@^1.1.6#builtin<compat/resolve>":
  version: 1.17.0
  resolution: "resolve@patch:resolve@npm%3A1.17.0#builtin<compat/resolve>::version=1.17.0&hash=e7677c"
  dependencies:
    path-parse: ^1.0.6
  checksum: 3/76954aad72cd6ba127db4fcb3354a88be83f532ba7d58e166f776136bbeded410e0f3db86737fe0f3b4714627835bde078fa662887362336aaffb4bb7002a847
  languageName: node
  linkType: hard

"restore-cursor@npm:^1.0.1":
  version: 1.0.1
  resolution: "restore-cursor@npm:1.0.1"
  dependencies:
    exit-hook: ^1.0.0
    onetime: ^1.0.0
  checksum: 3/07ab5114eb6fe69e931f0df88ae28a3dd0018360622d3bb72bbf3b4cdbac5b6bc45e4bb502190c688484240bba3f02231d1f0a6ae68cab453c4aca168e3fccae
  languageName: node
  linkType: hard

"rimraf@npm:~2.6.2":
  version: 2.6.3
  resolution: "rimraf@npm:2.6.3"
  dependencies:
    glob: ^7.1.3
  bin:
    rimraf: ./bin.js
  checksum: 3/c9ce1854f19327606934558f4729b0f7aa7b9f1a3e7ca292d56261cce1074e20b0a0b16689166da6d8ab24ed9c30f7c71fba0df38e1d37f0233b6f48307c5c7a
  languageName: node
  linkType: hard

"run-async@npm:^0.1.0":
  version: 0.1.0
  resolution: "run-async@npm:0.1.0"
  dependencies:
    once: ^1.3.0
  checksum: 3/7e5f37c23d75bfe4b89b8047b2a664972d2e8404592d740d932fdbb0a095ef19ef634491c00fb0709002eeae99d66305f40cdf8cae0f6c14f1697384285c8b3c
  languageName: node
  linkType: hard

"rx-lite@npm:^3.1.2":
  version: 3.1.2
  resolution: "rx-lite@npm:3.1.2"
  checksum: 3/5be035737cf4ee8463dd5016401a94ffa6999b0fd261234e27f0967808bdf73609d2d299246c97e00369c0bb161e202f33846ef1ef5a2e1e926d29b17be8ce40
  languageName: node
  linkType: hard

"safe-buffer@npm:~5.1.0, safe-buffer@npm:~5.1.1":
  version: 5.1.2
  resolution: "safe-buffer@npm:5.1.2"
  checksum: 3/2708587c1b5e70a5e420714ceb59f30f5791c6e831d39812125a008eca63a4ac18578abd020a0776ea497ff03b4543f2b2a223a7b9073bf2d6c7af9ec6829218
  languageName: node
  linkType: hard

"shelljs@npm:^0.7.5":
  version: 0.7.8
  resolution: "shelljs@npm:0.7.8"
  dependencies:
    glob: ^7.0.0
    interpret: ^1.0.0
    rechoir: ^0.6.2
  bin:
    shjs: ./bin/shjs
  checksum: 3/6eedffec68b3c32f6b8b95c7925785bfc0cc0ce16b4263e37df1d30ba3332b234ee2588bf35336502227689bbc46667da31e7b1b420cc49d5b380de3b534d5ba
  languageName: node
  linkType: hard

"slice-ansi@npm:0.0.4":
  version: 0.0.4
  resolution: "slice-ansi@npm:0.0.4"
  checksum: 3/8fa79b3017a15042d91ab50f6c1ba5fa5ed6ff034f9bb1afe4597f5c7fff510deeae98b1f81e9139580909a497936866e40287f35973c7117e62829407fa2e81
  languageName: node
  linkType: hard

"sprintf-js@npm:~1.0.2":
  version: 1.0.3
  resolution: "sprintf-js@npm:1.0.3"
  checksum: 3/51df1bce9e577287f56822d79ac5bd94f6c634fccf193895f2a1d2db2e975b6aa7bc97afae9cf11d49b7c37fe4afc188ff5c4878be91f2c86eabd11c5df8b62c
  languageName: node
  linkType: hard

"string-width@npm:^1.0.1":
  version: 1.0.2
  resolution: "string-width@npm:1.0.2"
  dependencies:
    code-point-at: ^1.0.0
    is-fullwidth-code-point: ^1.0.0
    strip-ansi: ^3.0.0
  checksum: 3/b11745daa9398a1b3bb37ffa64263f9869c5f790901ed1242decb08171785346447112ead561cffde6b222a5ebeab9d2b382c72ae688859e852aa29325ca9d0b
  languageName: node
  linkType: hard

"string-width@npm:^2.0.0":
  version: 2.1.1
  resolution: "string-width@npm:2.1.1"
  dependencies:
    is-fullwidth-code-point: ^2.0.0
    strip-ansi: ^4.0.0
  checksum: 3/906b4887c39d247e9d12dfffb42bfe68655b52d27758eb13e069dce0f4cf2e7f82441dbbe44f7279298781e6f68e1c659451bd4d9e2bbe9d487a157ad14ae1bd
  languageName: node
  linkType: hard

"string_decoder@npm:~1.1.1":
  version: 1.1.1
  resolution: "string_decoder@npm:1.1.1"
  dependencies:
    safe-buffer: ~5.1.0
  checksum: 3/bc2dc169d83df1b9e94defe7716bcad8a19ffe8211b029581cb0c6f9e83a6a7ba9ec3be38d179708a8643c692868a2b8b004ab159555dc26089ad3fa7b2158f5
  languageName: node
  linkType: hard

"strip-ansi@npm:^3.0.0":
  version: 3.0.1
  resolution: "strip-ansi@npm:3.0.1"
  dependencies:
    ansi-regex: ^2.0.0
  checksum: 3/98772dcf440d08f65790ee38cd186b1f139fa69b430e75f9d9c11f97058662f82a22c2ba03a30f502f948958264e99051524fbf1819edaa8a8bbb909ece297da
  languageName: node
  linkType: hard

"strip-ansi@npm:^4.0.0":
  version: 4.0.0
  resolution: "strip-ansi@npm:4.0.0"
  dependencies:
    ansi-regex: ^3.0.0
  checksum: 3/9ac63872c2ba5e8a946c6f3a9c1ab81db5b43bce0d24a33b016e5666d3efda421f721447a1962611053a3ca1595b8742b0216fcc25886958d4565b7afcd27013
  languageName: node
  linkType: hard

"strip-bom@npm:^3.0.0":
  version: 3.0.0
  resolution: "strip-bom@npm:3.0.0"
  checksum: 3/361dd1dd08ae626940061570d20bcf73909d0459734b8880eb3d14176aa28f41cf85d13af036c323ce739e04ef3930a71b516950c5985b318bae3757ecb2974c
  languageName: node
  linkType: hard

"strip-json-comments@npm:~1.0.1":
  version: 1.0.4
  resolution: "strip-json-comments@npm:1.0.4"
  bin:
    strip-json-comments: cli.js
  checksum: 3/f37f9b3465688adf2306b0db60171849f901f6f87e524550e5f275e41c826ea88a25a4d8e79b5b5fccd22dd90f84f0963ad8d93c3091adabd70616f023ea26b9
  languageName: node
  linkType: hard

"supports-color@npm:3.1.2":
  version: 3.1.2
  resolution: "supports-color@npm:3.1.2"
  dependencies:
    has-flag: ^1.0.0
  checksum: 3/3d519f7e8f893350b5c3907a4f66610ea8e88990827677e8f189f4cc65766ee8426eef1b5d0c6c74066537a8e8fc5fe0b6bf8bdece8055425870836a1c8fb228
  languageName: node
  linkType: hard

"supports-color@npm:^2.0.0":
  version: 2.0.0
  resolution: "supports-color@npm:2.0.0"
  checksum: 3/5d6fb449e29f779cc639756f0d6b9ab6138048e753683cd2c647f36a9254714051909a5f569e6aa83c5310c8dfe8a1f481967e02bef401ac8eed46ee0950d779
  languageName: node
  linkType: hard

"table@npm:^3.7.8":
  version: 3.8.3
  resolution: "table@npm:3.8.3"
  dependencies:
    ajv: ^4.7.0
    ajv-keywords: ^1.0.0
    chalk: ^1.1.1
    lodash: ^4.0.0
    slice-ansi: 0.0.4
    string-width: ^2.0.0
  checksum: 3/66e20501836287e1a673ef1efd9b6609d82e701f1a24d88886b4327f54b580ce362630cfdef466525d01d0783c40851453a4e7ec672e03a1d929f85f1502d44b
  languageName: node
  linkType: hard

"text-table@npm:~0.2.0":
  version: 0.2.0
  resolution: "text-table@npm:0.2.0"
  checksum: 3/373904ce70524ba11ec7e1905c44fb92671132d5e0b0aba2fb48057161f8bf9cbf7f6178f0adf31810150cf44fb52c7b912dc722bff3fddf9688378596dbeb56
  languageName: node
  linkType: hard

"through@npm:^2.3.6":
  version: 2.3.8
  resolution: "through@npm:2.3.8"
  checksum: 3/918d9151680b5355990011eb8c4b02e8cb8cf6e9fb6ea3d3e5a1faa688343789e261634ae35de4ea9167ab029d1e7bac6af2fe61b843931768d405fdc3e8897c
  languageName: node
  linkType: hard

"type-check@npm:~0.3.2":
  version: 0.3.2
  resolution: "type-check@npm:0.3.2"
  dependencies:
    prelude-ls: ~1.1.2
  checksum: 3/4e080645319c12bb78119f7e8bb333cab8dacad2c1988597aabf44da985ad36fce3419707e93ed0fc84514b7eec94e4d8817e33d0aab8c81de394916e00d6806
  languageName: node
  linkType: hard

"type@npm:^1.0.1":
  version: 1.2.0
  resolution: "type@npm:1.2.0"
  checksum: 3/1589416fd9d0a0a1bf18c62dbc7452b0f22017efd5bfc2912050bb57421b084801563ff13b3e3efd60df45590f23e1f3d27d892aeeec9b3ed142c917a4858812
  languageName: node
  linkType: hard

"type@npm:^2.0.0":
  version: 2.0.0
  resolution: "type@npm:2.0.0"
  checksum: 3/aa673b5a91fce3827f7f13fdd0b78582fa1946c493e42d4afaa5566295725630cc274069e55da48bcffe0fb6aa7d398be1e4808fd5b132eb6355db6cec3ef023
  languageName: node
  linkType: hard

"typedarray@npm:^0.0.6":
  version: 0.0.6
  resolution: "typedarray@npm:0.0.6"
  checksum: 3/c9ef0176aaf32593514c31e5c6edc1db970847aff6e1f0a0570a6ac0cc996335792f394c2fcec59cc76691d22a01888ea073a2f3c6930cfcf7c519addf4e2ad7
  languageName: node
  linkType: hard

"user-home@npm:^2.0.0":
  version: 2.0.0
  resolution: "user-home@npm:2.0.0"
  dependencies:
    os-homedir: ^1.0.0
  checksum: 3/ba2791a65d3b4b506d0494fc08188be8cf66e29a43e80820845f531607d14638168828eda650a2e8edbf8327476cb8802091a8ac389567d9e88e9d1406b623fe
  languageName: node
  linkType: hard

"util-deprecate@npm:~1.0.1":
  version: 1.0.2
  resolution: "util-deprecate@npm:1.0.2"
  checksum: 3/73c2b1cf0210ccac300645384d8443cabbd93194117b2dc1b3bae8d8279ad39aedac857e020c4ea505e96a1045059c7359db3df6a9df0be6b8584166c9d61dc9
  languageName: node
  linkType: hard

"word-wrap@npm:~1.2.3":
  version: 1.2.3
  resolution: "word-wrap@npm:1.2.3"
  checksum: 3/6526abd75d4409c76d1989cf2fbf6080b903db29824be3d17d0a0b8f6221486c76a021174eda2616cf311199787983c34bae3c5e7b51d2ad7476f2066cddb75a
  languageName: node
  linkType: hard

"wrappy@npm:1":
  version: 1.0.2
  resolution: "wrappy@npm:1.0.2"
  checksum: 3/519fcda0fcdf0c16327be2de9d98646742307bc830277e8868529fcf7566f2b330a6453c233e0cdcb767d5838dd61a90984a02ecc983bcddebea5ad0833bbf98
  languageName: node
  linkType: hard

"write@npm:^0.2.1":
  version: 0.2.1
  resolution: "write@npm:0.2.1"
  dependencies:
    mkdirp: ^0.5.1
  checksum: 3/3d51ccb5aefca052a21ae409d2b2fd2e2207da9dc745e91a99942fbd19d0526a7eb1e14afd2e773544cf51bcd77a8ddb4f0601c5de49f135cddb3c7f764c1f20
  languageName: node
  linkType: hard

"xtend@npm:^4.0.0":
  version: 4.0.2
  resolution: "xtend@npm:4.0.2"
  checksum: 3/37ee522a3e9fb9b143a400c30b21dc122aa8c9c9411c6afae1005a4617dc20a21765c114d544e37a6bb60c2733dd8ee0a44ed9e80d884ac78cccd30b5e0ab0da
  languageName: node
  linkType: hard
